
Microsoft Visual Studio Solution File, Format Version 12.00
# Visual Studio Version 17
VisualStudioVersion = 17.1.32210.238
MinimumVisualStudioVersion = 10.0.40219.1
Project("{9A19103F-16F7-4668-BE54-9A1E7A4F7556}") = "opg8.05", "opg8.05\opg8.05.csproj", "{21A80FD9-5FCF-490F-BA96-294A3049E5DF}"
EndProject
Project("{9A19103F-16F7-4668-BE54-9A1E7A4F7556}") = "opg8.02", "opg8.02\opg8.02.csproj", "{EC71E64E-7F76-438F-B5D9-A61C558BEF94}"
EndProject
Global
	GlobalSection(SolutionConfigurationPlatforms) = preSolution
		Debug|Any CPU = Debug|Any CPU
		Release|Any CPU = Release|Any CPU
	EndGlobalSection
	GlobalSection(ProjectConfigurationPlatforms) = postSolution
		{21A80FD9-5FCF-490F-BA96-294A3049E5DF}.Debug|Any CPU.ActiveCfg = Debug|Any CPU
		{21A80FD9-5FCF-490F-BA96-294A3049E5DF}.Debug|Any CPU.Build.0 = Debug|Any CPU
		{21A80FD9-5FCF-490F-BA96-294A3049E5DF}.Release|Any CPU.ActiveCfg = Release|Any CPU
		{21A80FD9-5FCF-490F-BA96-294A3049E5DF}.Release|Any CPU.Build.0 = Release|Any CPU
		{EC71E64E-7F76-438F-B5D9-A61C558BEF94}.Debug|Any CPU.ActiveCfg = Debug|Any CPU
		{EC71E64E-7F76-438F-B5D9-A61C558BEF94}.Debug|Any CPU.Build.0 = Debug|Any CPU
		{EC71E64E-7F76-438F-B5D9-A61C558BEF94}.Release|Any CPU.ActiveCfg = Release|Any CPU
		{EC71E64E-7F76-438F-B5D9-A61C558BEF94}.Release|Any CPU.Build.0 = Release|Any CPU
	EndGlobalSection
	GlobalSection(SolutionProperties) = preSolution
		HideSolutionNode = FALSE
	EndGlobalSection
	GlobalSection(ExtensibilityGlobals) = postSolution
		SolutionGuid = {2FE5D827-D04B-4F9E-A41A-96B7D101F4A5}
	EndGlobalSection
EndGlobal
