
Microsoft Visual Studio Solution File, Format Version 12.00
# Visual Studio Version 17
VisualStudioVersion = 17.1.32421.90
MinimumVisualStudioVersion = 10.0.40219.1
Project("{FAE04EC0-301F-11D3-BF4B-00C04F79EFBC}") = "modul19_opg.Server", "modul19_opg\Server\modul19_opg.Server.csproj", "{BB7EE42F-BD80-49F7-BF9E-F1DA56D36CF3}"
EndProject
Project("{FAE04EC0-301F-11D3-BF4B-00C04F79EFBC}") = "modul19_opg.Client", "modul19_opg\Client\modul19_opg.Client.csproj", "{6889A95B-589C-4375-97E4-EE2F65132A63}"
EndProject
Project("{FAE04EC0-301F-11D3-BF4B-00C04F79EFBC}") = "modul19_opg.Shared", "modul19_opg\Shared\modul19_opg.Shared.csproj", "{F7764E4D-041B-455C-903F-971C3B4E72F9}"
EndProject
Global
	GlobalSection(SolutionConfigurationPlatforms) = preSolution
		Debug|Any CPU = Debug|Any CPU
		Release|Any CPU = Release|Any CPU
	EndGlobalSection
	GlobalSection(ProjectConfigurationPlatforms) = postSolution
		{BB7EE42F-BD80-49F7-BF9E-F1DA56D36CF3}.Debug|Any CPU.ActiveCfg = Debug|Any CPU
		{BB7EE42F-BD80-49F7-BF9E-F1DA56D36CF3}.Debug|Any CPU.Build.0 = Debug|Any CPU
		{BB7EE42F-BD80-49F7-BF9E-F1DA56D36CF3}.Release|Any CPU.ActiveCfg = Release|Any CPU
		{BB7EE42F-BD80-49F7-BF9E-F1DA56D36CF3}.Release|Any CPU.Build.0 = Release|Any CPU
		{6889A95B-589C-4375-97E4-EE2F65132A63}.Debug|Any CPU.ActiveCfg = Debug|Any CPU
		{6889A95B-589C-4375-97E4-EE2F65132A63}.Debug|Any CPU.Build.0 = Debug|Any CPU
		{6889A95B-589C-4375-97E4-EE2F65132A63}.Release|Any CPU.ActiveCfg = Release|Any CPU
		{6889A95B-589C-4375-97E4-EE2F65132A63}.Release|Any CPU.Build.0 = Release|Any CPU
		{F7764E4D-041B-455C-903F-971C3B4E72F9}.Debug|Any CPU.ActiveCfg = Debug|Any CPU
		{F7764E4D-041B-455C-903F-971C3B4E72F9}.Debug|Any CPU.Build.0 = Debug|Any CPU
		{F7764E4D-041B-455C-903F-971C3B4E72F9}.Release|Any CPU.ActiveCfg = Release|Any CPU
		{F7764E4D-041B-455C-903F-971C3B4E72F9}.Release|Any CPU.Build.0 = Release|Any CPU
	EndGlobalSection
	GlobalSection(SolutionProperties) = preSolution
		HideSolutionNode = FALSE
	EndGlobalSection
	GlobalSection(ExtensibilityGlobals) = postSolution
		SolutionGuid = {6B3D7704-B007-4DC9-BB4E-48B76BDE5F44}
	EndGlobalSection
EndGlobal
