
Microsoft Visual Studio Solution File, Format Version 12.00
# Visual Studio Version 17
VisualStudioVersion = 17.1.32210.238
MinimumVisualStudioVersion = 10.0.40219.1
Project("{9A19103F-16F7-4668-BE54-9A1E7A4F7556}") = "opg4.02", "opg4.02\opg4.02.csproj", "{0919A82F-2617-40DA-81CA-46CE8B42DFFB}"
EndProject
Project("{9A19103F-16F7-4668-BE54-9A1E7A4F7556}") = "opg4.03", "opg4.03\opg4.03.csproj", "{58C77442-485E-4AF2-84C4-7270AB7CAE18}"
EndProject
Project("{9A19103F-16F7-4668-BE54-9A1E7A4F7556}") = "opg4.01", "opg4.01\opg4.01.csproj", "{0FC0316F-D7DD-480A-8554-7829B7579A3D}"
EndProject
Project("{FAE04EC0-301F-11D3-BF4B-00C04F79EFBC}") = "opg4.04", "opg4.04\opg4.04.csproj", "{C4E5A190-BF6A-4022-A6AD-87F97AF316BB}"
EndProject
Project("{FAE04EC0-301F-11D3-BF4B-00C04F79EFBC}") = "opg4.05", "opg4.05\opg4.05.csproj", "{87C315EB-9974-403A-A8B9-D44983C92236}"
EndProject
Global
	GlobalSection(SolutionConfigurationPlatforms) = preSolution
		Debug|Any CPU = Debug|Any CPU
		Release|Any CPU = Release|Any CPU
	EndGlobalSection
	GlobalSection(ProjectConfigurationPlatforms) = postSolution
		{0919A82F-2617-40DA-81CA-46CE8B42DFFB}.Debug|Any CPU.ActiveCfg = Debug|Any CPU
		{0919A82F-2617-40DA-81CA-46CE8B42DFFB}.Debug|Any CPU.Build.0 = Debug|Any CPU
		{0919A82F-2617-40DA-81CA-46CE8B42DFFB}.Release|Any CPU.ActiveCfg = Release|Any CPU
		{0919A82F-2617-40DA-81CA-46CE8B42DFFB}.Release|Any CPU.Build.0 = Release|Any CPU
		{58C77442-485E-4AF2-84C4-7270AB7CAE18}.Debug|Any CPU.ActiveCfg = Debug|Any CPU
		{58C77442-485E-4AF2-84C4-7270AB7CAE18}.Debug|Any CPU.Build.0 = Debug|Any CPU
		{58C77442-485E-4AF2-84C4-7270AB7CAE18}.Release|Any CPU.ActiveCfg = Release|Any CPU
		{58C77442-485E-4AF2-84C4-7270AB7CAE18}.Release|Any CPU.Build.0 = Release|Any CPU
		{0FC0316F-D7DD-480A-8554-7829B7579A3D}.Debug|Any CPU.ActiveCfg = Debug|Any CPU
		{0FC0316F-D7DD-480A-8554-7829B7579A3D}.Debug|Any CPU.Build.0 = Debug|Any CPU
		{0FC0316F-D7DD-480A-8554-7829B7579A3D}.Release|Any CPU.ActiveCfg = Release|Any CPU
		{0FC0316F-D7DD-480A-8554-7829B7579A3D}.Release|Any CPU.Build.0 = Release|Any CPU
		{C4E5A190-BF6A-4022-A6AD-87F97AF316BB}.Debug|Any CPU.ActiveCfg = Debug|Any CPU
		{C4E5A190-BF6A-4022-A6AD-87F97AF316BB}.Debug|Any CPU.Build.0 = Debug|Any CPU
		{C4E5A190-BF6A-4022-A6AD-87F97AF316BB}.Release|Any CPU.ActiveCfg = Release|Any CPU
		{C4E5A190-BF6A-4022-A6AD-87F97AF316BB}.Release|Any CPU.Build.0 = Release|Any CPU
		{87C315EB-9974-403A-A8B9-D44983C92236}.Debug|Any CPU.ActiveCfg = Debug|Any CPU
		{87C315EB-9974-403A-A8B9-D44983C92236}.Debug|Any CPU.Build.0 = Debug|Any CPU
		{87C315EB-9974-403A-A8B9-D44983C92236}.Release|Any CPU.ActiveCfg = Release|Any CPU
		{87C315EB-9974-403A-A8B9-D44983C92236}.Release|Any CPU.Build.0 = Release|Any CPU
	EndGlobalSection
	GlobalSection(SolutionProperties) = preSolution
		HideSolutionNode = FALSE
	EndGlobalSection
	GlobalSection(ExtensibilityGlobals) = postSolution
		SolutionGuid = {C911F9B0-DB45-4A23-85CF-3EC4875F59FA}
	EndGlobalSection
EndGlobal
