
Microsoft Visual Studio Solution File, Format Version 12.00
# Visual Studio Version 17
VisualStudioVersion = 17.3.32825.248
MinimumVisualStudioVersion = 10.0.40219.1
Project("{FAE04EC0-301F-11D3-BF4B-00C04F79EFBC}") = "opg2.01", "modul2_opgaver\opg2.01.csproj", "{213DEB2C-4D08-4FBE-9897-9E532F6C2416}"
EndProject
Project("{FAE04EC0-301F-11D3-BF4B-00C04F79EFBC}") = "opg2.02", "opg2.02\opg2.02.csproj", "{FB97363C-25A7-4DA6-B360-BCF188BF590D}"
EndProject
Project("{FAE04EC0-301F-11D3-BF4B-00C04F79EFBC}") = "opg2.03", "opg2.03\opg2.03.csproj", "{CFCDFFC4-E5FA-43D4-A97B-23B7AE6234D3}"
EndProject
Global
	GlobalSection(SolutionConfigurationPlatforms) = preSolution
		Debug|Any CPU = Debug|Any CPU
		Release|Any CPU = Release|Any CPU
	EndGlobalSection
	GlobalSection(ProjectConfigurationPlatforms) = postSolution
		{213DEB2C-4D08-4FBE-9897-9E532F6C2416}.Debug|Any CPU.ActiveCfg = Debug|Any CPU
		{213DEB2C-4D08-4FBE-9897-9E532F6C2416}.Debug|Any CPU.Build.0 = Debug|Any CPU
		{213DEB2C-4D08-4FBE-9897-9E532F6C2416}.Release|Any CPU.ActiveCfg = Release|Any CPU
		{213DEB2C-4D08-4FBE-9897-9E532F6C2416}.Release|Any CPU.Build.0 = Release|Any CPU
		{FB97363C-25A7-4DA6-B360-BCF188BF590D}.Debug|Any CPU.ActiveCfg = Debug|Any CPU
		{FB97363C-25A7-4DA6-B360-BCF188BF590D}.Debug|Any CPU.Build.0 = Debug|Any CPU
		{FB97363C-25A7-4DA6-B360-BCF188BF590D}.Release|Any CPU.ActiveCfg = Release|Any CPU
		{FB97363C-25A7-4DA6-B360-BCF188BF590D}.Release|Any CPU.Build.0 = Release|Any CPU
		{CFCDFFC4-E5FA-43D4-A97B-23B7AE6234D3}.Debug|Any CPU.ActiveCfg = Debug|Any CPU
		{CFCDFFC4-E5FA-43D4-A97B-23B7AE6234D3}.Debug|Any CPU.Build.0 = Debug|Any CPU
		{CFCDFFC4-E5FA-43D4-A97B-23B7AE6234D3}.Release|Any CPU.ActiveCfg = Release|Any CPU
		{CFCDFFC4-E5FA-43D4-A97B-23B7AE6234D3}.Release|Any CPU.Build.0 = Release|Any CPU
	EndGlobalSection
	GlobalSection(SolutionProperties) = preSolution
		HideSolutionNode = FALSE
	EndGlobalSection
	GlobalSection(ExtensibilityGlobals) = postSolution
		SolutionGuid = {75F5E63F-21B0-44E5-BC4A-9F7EA28F1FC6}
	EndGlobalSection
EndGlobal
