
Microsoft Visual Studio Solution File, Format Version 12.00
# Visual Studio Version 17
VisualStudioVersion = 17.3.32825.248
MinimumVisualStudioVersion = 10.0.40219.1
Project("{FAE04EC0-301F-11D3-BF4B-00C04F79EFBC}") = "opg1.03", "opg1.03.csproj", "{D08CA712-8C26-4776-9201-CE3F9096EE92}"
EndProject
Project("{FAE04EC0-301F-11D3-BF4B-00C04F79EFBC}") = "opg1.04", "opg1.04\opg1.04.csproj", "{8E928A70-DF17-48BF-8B7F-BC810F0A8252}"
EndProject
Project("{FAE04EC0-301F-11D3-BF4B-00C04F79EFBC}") = "opg1.05", "opg1.05\opg1.05.csproj", "{2D3D7C77-D4C1-468B-8AE6-6AF0B6305E76}"
EndProject
Global
	GlobalSection(SolutionConfigurationPlatforms) = preSolution
		Debug|Any CPU = Debug|Any CPU
		Release|Any CPU = Release|Any CPU
	EndGlobalSection
	GlobalSection(ProjectConfigurationPlatforms) = postSolution
		{D08CA712-8C26-4776-9201-CE3F9096EE92}.Debug|Any CPU.ActiveCfg = Debug|Any CPU
		{D08CA712-8C26-4776-9201-CE3F9096EE92}.Debug|Any CPU.Build.0 = Debug|Any CPU
		{D08CA712-8C26-4776-9201-CE3F9096EE92}.Release|Any CPU.ActiveCfg = Release|Any CPU
		{D08CA712-8C26-4776-9201-CE3F9096EE92}.Release|Any CPU.Build.0 = Release|Any CPU
		{8E928A70-DF17-48BF-8B7F-BC810F0A8252}.Debug|Any CPU.ActiveCfg = Debug|Any CPU
		{8E928A70-DF17-48BF-8B7F-BC810F0A8252}.Debug|Any CPU.Build.0 = Debug|Any CPU
		{8E928A70-DF17-48BF-8B7F-BC810F0A8252}.Release|Any CPU.ActiveCfg = Release|Any CPU
		{8E928A70-DF17-48BF-8B7F-BC810F0A8252}.Release|Any CPU.Build.0 = Release|Any CPU
		{2D3D7C77-D4C1-468B-8AE6-6AF0B6305E76}.Debug|Any CPU.ActiveCfg = Debug|Any CPU
		{2D3D7C77-D4C1-468B-8AE6-6AF0B6305E76}.Debug|Any CPU.Build.0 = Debug|Any CPU
		{2D3D7C77-D4C1-468B-8AE6-6AF0B6305E76}.Release|Any CPU.ActiveCfg = Release|Any CPU
		{2D3D7C77-D4C1-468B-8AE6-6AF0B6305E76}.Release|Any CPU.Build.0 = Release|Any CPU
	EndGlobalSection
	GlobalSection(SolutionProperties) = preSolution
		HideSolutionNode = FALSE
	EndGlobalSection
	GlobalSection(ExtensibilityGlobals) = postSolution
		SolutionGuid = {06E30701-42DD-45A7-B027-10602F205A4B}
	EndGlobalSection
EndGlobal
