
Microsoft Visual Studio Solution File, Format Version 12.00
# Visual Studio Version 17
VisualStudioVersion = 17.0.32112.339
MinimumVisualStudioVersion = 10.0.40219.1
Project("{FAE04EC0-301F-11D3-BF4B-00C04F79EFBC}") = "modul2_opgaver", "modul2_opgaver\modul2_opgaver.csproj", "{628562AE-13D9-4E3D-9D12-276298363151}"
EndProject
Global
	GlobalSection(SolutionConfigurationPlatforms) = preSolution
		Debug|Any CPU = Debug|Any CPU
		Release|Any CPU = Release|Any CPU
	EndGlobalSection
	GlobalSection(ProjectConfigurationPlatforms) = postSolution
		{628562AE-13D9-4E3D-9D12-276298363151}.Debug|Any CPU.ActiveCfg = Debug|Any CPU
		{628562AE-13D9-4E3D-9D12-276298363151}.Debug|Any CPU.Build.0 = Debug|Any CPU
		{628562AE-13D9-4E3D-9D12-276298363151}.Release|Any CPU.ActiveCfg = Release|Any CPU
		{628562AE-13D9-4E3D-9D12-276298363151}.Release|Any CPU.Build.0 = Release|Any CPU
	EndGlobalSection
	GlobalSection(SolutionProperties) = preSolution
		HideSolutionNode = FALSE
	EndGlobalSection
	GlobalSection(ExtensibilityGlobals) = postSolution
		SolutionGuid = {77FFBF7B-B796-422A-A917-BC9B8003C898}
	EndGlobalSection
EndGlobal
