
Microsoft Visual Studio Solution File, Format Version 12.00
# Visual Studio Version 17
VisualStudioVersion = 17.1.32328.378
MinimumVisualStudioVersion = 10.0.40219.1
Project("{9A19103F-16F7-4668-BE54-9A1E7A4F7556}") = "opg16.02", "modul16_opg\opg16.02.csproj", "{892F9423-4673-4EB5-B6FA-8CC8204790E0}"
EndProject
Global
	GlobalSection(SolutionConfigurationPlatforms) = preSolution
		Debug|Any CPU = Debug|Any CPU
		Release|Any CPU = Release|Any CPU
	EndGlobalSection
	GlobalSection(ProjectConfigurationPlatforms) = postSolution
		{892F9423-4673-4EB5-B6FA-8CC8204790E0}.Debug|Any CPU.ActiveCfg = Debug|Any CPU
		{892F9423-4673-4EB5-B6FA-8CC8204790E0}.Debug|Any CPU.Build.0 = Debug|Any CPU
		{892F9423-4673-4EB5-B6FA-8CC8204790E0}.Release|Any CPU.ActiveCfg = Release|Any CPU
		{892F9423-4673-4EB5-B6FA-8CC8204790E0}.Release|Any CPU.Build.0 = Release|Any CPU
	EndGlobalSection
	GlobalSection(SolutionProperties) = preSolution
		HideSolutionNode = FALSE
	EndGlobalSection
	GlobalSection(ExtensibilityGlobals) = postSolution
		SolutionGuid = {A9E359B3-7B1C-436B-A9B6-A10A499DE600}
	EndGlobalSection
EndGlobal
