
Microsoft Visual Studio Solution File, Format Version 12.00
# Visual Studio Version 17
VisualStudioVersion = 17.1.32210.238
MinimumVisualStudioVersion = 10.0.40219.1
Project("{9A19103F-16F7-4668-BE54-9A1E7A4F7556}") = "opg6.02", "opg6.02\opg6.02.csproj", "{C0794599-ADDC-4B49-8522-90A1479E6F14}"
EndProject
Project("{9A19103F-16F7-4668-BE54-9A1E7A4F7556}") = "opg6.01", "opg6.01\opg6.01.csproj", "{464EBAAC-ABED-4162-B548-D8D2B71E6409}"
EndProject
Project("{9A19103F-16F7-4668-BE54-9A1E7A4F7556}") = "opg6.03", "opg6.03\opg6.03.csproj", "{B2759870-2A13-446F-B160-F79FAAB6E610}"
EndProject
Project("{FAE04EC0-301F-11D3-BF4B-00C04F79EFBC}") = "opg6.04", "opg6.04\opg6.04.csproj", "{42B854C7-1F1B-4AFF-98B9-9C04922109E3}"
EndProject
Global
	GlobalSection(SolutionConfigurationPlatforms) = preSolution
		Debug|Any CPU = Debug|Any CPU
		Release|Any CPU = Release|Any CPU
	EndGlobalSection
	GlobalSection(ProjectConfigurationPlatforms) = postSolution
		{C0794599-ADDC-4B49-8522-90A1479E6F14}.Debug|Any CPU.ActiveCfg = Debug|Any CPU
		{C0794599-ADDC-4B49-8522-90A1479E6F14}.Debug|Any CPU.Build.0 = Debug|Any CPU
		{C0794599-ADDC-4B49-8522-90A1479E6F14}.Release|Any CPU.ActiveCfg = Release|Any CPU
		{C0794599-ADDC-4B49-8522-90A1479E6F14}.Release|Any CPU.Build.0 = Release|Any CPU
		{464EBAAC-ABED-4162-B548-D8D2B71E6409}.Debug|Any CPU.ActiveCfg = Debug|Any CPU
		{464EBAAC-ABED-4162-B548-D8D2B71E6409}.Debug|Any CPU.Build.0 = Debug|Any CPU
		{464EBAAC-ABED-4162-B548-D8D2B71E6409}.Release|Any CPU.ActiveCfg = Release|Any CPU
		{464EBAAC-ABED-4162-B548-D8D2B71E6409}.Release|Any CPU.Build.0 = Release|Any CPU
		{B2759870-2A13-446F-B160-F79FAAB6E610}.Debug|Any CPU.ActiveCfg = Debug|Any CPU
		{B2759870-2A13-446F-B160-F79FAAB6E610}.Debug|Any CPU.Build.0 = Debug|Any CPU
		{B2759870-2A13-446F-B160-F79FAAB6E610}.Release|Any CPU.ActiveCfg = Release|Any CPU
		{B2759870-2A13-446F-B160-F79FAAB6E610}.Release|Any CPU.Build.0 = Release|Any CPU
		{42B854C7-1F1B-4AFF-98B9-9C04922109E3}.Debug|Any CPU.ActiveCfg = Debug|Any CPU
		{42B854C7-1F1B-4AFF-98B9-9C04922109E3}.Debug|Any CPU.Build.0 = Debug|Any CPU
		{42B854C7-1F1B-4AFF-98B9-9C04922109E3}.Release|Any CPU.ActiveCfg = Release|Any CPU
		{42B854C7-1F1B-4AFF-98B9-9C04922109E3}.Release|Any CPU.Build.0 = Release|Any CPU
	EndGlobalSection
	GlobalSection(SolutionProperties) = preSolution
		HideSolutionNode = FALSE
	EndGlobalSection
	GlobalSection(ExtensibilityGlobals) = postSolution
		SolutionGuid = {EA356EFC-822C-4119-9E93-1CF2B95422BA}
	EndGlobalSection
EndGlobal
